Microsoft Visual Studio Solution File, Format Version 12.00
# Visual Studio Version 17
VisualStudioVersion = 17.5.2.0
MinimumVisualStudioVersion = 10.0.40219.1
Project("{FAE04EC0-301F-11D3-BF4B-00C04F79EFBC}") = "GeradorSenhas", "GeradorSenhas.csproj", "{4295BD48-3851-50F7-99BB-43C580F59560}"
EndProject
Global
	GlobalSection(SolutionConfigurationPlatforms) = preSolution
		Debug|Any CPU = Debug|Any CPU
		Release|Any CPU = Release|Any CPU
	EndGlobalSection
	GlobalSection(ProjectConfigurationPlatforms) = postSolution
		{4295BD48-3851-50F7-99BB-43C580F59560}.Debug|Any CPU.ActiveCfg = Debug|Any CPU
		{4295BD48-3851-50F7-99BB-43C580F59560}.Debug|Any CPU.Build.0 = Debug|Any CPU
		{4295BD48-3851-50F7-99BB-43C580F59560}.Release|Any CPU.ActiveCfg = Release|Any CPU
		{4295BD48-3851-50F7-99BB-43C580F59560}.Release|Any CPU.Build.0 = Release|Any CPU
	EndGlobalSection
	GlobalSection(SolutionProperties) = preSolution
		HideSolutionNode = FALSE
	EndGlobalSection
	GlobalSection(ExtensibilityGlobals) = postSolution
		SolutionGuid = {D21D9FDE-8359-4619-9552-4063AEC5C265}
	EndGlobalSection
EndGlobal
